// !$*UTF8*$!
{
	archiveVersion = 1;
	classes = {
	};
	objectVersion = 63;
	objects = {

/* Begin PBXBuildFile section */
		05E1D5BB097802013D03402A /* NotificationManager.swift in Sources */ = {isa = PBXBuildFile; fileRef = 5C20002072EE7AD830937D1B /* NotificationManager.swift */; };
		36E2A43DA79D0982F6EDFA30 /* EducationView.swift in Sources */ = {isa = PBXBuildFile; fileRef = 2B44C7C94AAF207AD15637CD /* EducationView.swift */; };
		3AEB430C9D031972EC94F392 /* NetworkThreatLevel.swift in Sources */ = {isa = PBXBuildFile; fileRef = 821B9B6F1E8047E663AB18D8 /* NetworkThreatLevel.swift */; };
		445703BAC739B98360210C21 /* EventStore.swift in Sources */ = {isa = PBXBuildFile; fileRef = 907DFC29C03779BCD772FE12 /* EventStore.swift */; };
		485985FCC5B30AA80397B5A4 /* ContentView.swift in Sources */ = {isa = PBXBuildFile; fileRef = E8A9CDCB81EA2F553A3F76B3 /* ContentView.swift */; };
		498BE4D64D0668149353A892 /* CellularSecurityMonitor.swift in Sources */ = {isa = PBXBuildFile; fileRef = EA0AF80C7A6D9C26A063234E /* CellularSecurityMonitor.swift */; };
		4AF17BCB67751BF7CFE844D0 /* NetworkAnomaly.swift in Sources */ = {isa = PBXBuildFile; fileRef = B31D16F1756C4DC9C0DE53A5 /* NetworkAnomaly.swift */; };
		55BD03034B2BD8F898B5C163 /* LaunchScreen.storyboard in Resources */ = {isa = PBXBuildFile; fileRef = 22C6ED74E463AF33FFC777E4 /* LaunchScreen.storyboard */; };
		77474D452EB116480077B6C0 /* AppIcon.xcassets in Resources */ = {isa = PBXBuildFile; fileRef = 77474D442EB116480077B6C0 /* AppIcon.xcassets */; };
		77474D472EB121EE0077B6C0 /* Constants.swift in Sources */ = {isa = PBXBuildFile; fileRef = 77474D462EB121EE0077B6C0 /* Constants.swift */; };
		77474D492EB1221B0077B6C0 /* SharedUIComponents.swift in Sources */ = {isa = PBXBuildFile; fileRef = 77474D482EB1221B0077B6C0 /* SharedUIComponents.swift */; };
		77474D4E2EB122540077B6C0 /* UserDefaultsManager.swift in Sources */ = {isa = PBXBuildFile; fileRef = 77474D4C2EB122540077B6C0 /* UserDefaultsManager.swift */; };
		80334BF9458D9AEA0B419E1C /* BackgroundTaskManager.swift in Sources */ = {isa = PBXBuildFile; fileRef = 3A42C53F47CA932FFB613CAD /* BackgroundTaskManager.swift */; };
		9F43F16A0FFAE3A89B1F2C6A /* StingrayWarningApp.swift in Sources */ = {isa = PBXBuildFile; fileRef = D72CC73CEC9EF0671F0ECD48 /* StingrayWarningApp.swift */; };
		ACDA759DCBF9E2EF1A3F9393 /* NetworkEvent.swift in Sources */ = {isa = PBXBuildFile; fileRef = DD088A9D4AFD3A1D849E5743 /* NetworkEvent.swift */; };
		EBD6DD41655DE568B8B8BF5F /* SettingsView.swift in Sources */ = {isa = PBXBuildFile; fileRef = E3651317AF433E6A99A3128A /* SettingsView.swift */; };
		F9F8873DBCE3EBF6C8C71665 /* CellularSecurityMonitorTests.swift in Sources */ = {isa = PBXBuildFile; fileRef = DF2E50758293E3DBCBCA587D /* CellularSecurityMonitorTests.swift */; };
		FE3E9538FFDD04C007E267CB /* EventHistoryView.swift in Sources */ = {isa = PBXBuildFile; fileRef = 2AE4E08D40677032D627DE6B /* EventHistoryView.swift */; };
/* End PBXBuildFile section */

/* Begin PBXContainerItemProxy section */
		C166809BFA839275592A90E7 /* PBXContainerItemProxy */ = {
			isa = PBXContainerItemProxy;
			containerPortal = 8E6E02EBF28640902F39123D /* Project object */;
			proxyType = 1;
			remoteGlobalIDString = 7BB59D2C1EB60399A2EECA90;
			remoteInfo = StingrayWarning;
		};
/* End PBXContainerItemProxy section */

/* Begin PBXFileReference section */
		22C6ED74E463AF33FFC777E4 /* LaunchScreen.storyboard */ = {isa = PBXFileReference; lastKnownFileType = file.storyboard; path = LaunchScreen.storyboard; sourceTree = "<group>"; };
		2AE4E08D40677032D627DE6B /* EventHistoryView.swift */ = {isa = PBXFileReference; lastKnownFileType = sourcecode.swift; path = EventHistoryView.swift; sourceTree = "<group>"; };
		2B44C7C94AAF207AD15637CD /* EducationView.swift */ = {isa = PBXFileReference; lastKnownFileType = sourcecode.swift; path = EducationView.swift; sourceTree = "<group>"; };
		3A42C53F47CA932FFB613CAD /* BackgroundTaskManager.swift */ = {isa = PBXFileReference; lastKnownFileType = sourcecode.swift; path = BackgroundTaskManager.swift; sourceTree = "<group>"; };
		5C20002072EE7AD830937D1B /* NotificationManager.swift */ = {isa = PBXFileReference; lastKnownFileType = sourcecode.swift; path = NotificationManager.swift; sourceTree = "<group>"; };
		77474D442EB116480077B6C0 /* AppIcon.xcassets */ = {isa = PBXFileReference; lastKnownFileType = folder.assetcatalog; path = AppIcon.xcassets; sourceTree = "<group>"; };
		77474D462EB121EE0077B6C0 /* Constants.swift */ = {isa = PBXFileReference; lastKnownFileType = sourcecode.swift; path = Constants.swift; sourceTree = "<group>"; };
		77474D482EB1221B0077B6C0 /* SharedUIComponents.swift */ = {isa = PBXFileReference; lastKnownFileType = sourcecode.swift; path = SharedUIComponents.swift; sourceTree = "<group>"; };
		77474D4C2EB122540077B6C0 /* UserDefaultsManager.swift */ = {isa = PBXFileReference; lastKnownFileType = sourcecode.swift; path = UserDefaultsManager.swift; sourceTree = "<group>"; };
		821B9B6F1E8047E663AB18D8 /* NetworkThreatLevel.swift */ = {isa = PBXFileReference; lastKnownFileType = sourcecode.swift; path = NetworkThreatLevel.swift; sourceTree = "<group>"; };
		907DFC29C03779BCD772FE12 /* EventStore.swift */ = {isa = PBXFileReference; lastKnownFileType = sourcecode.swift; path = EventStore.swift; sourceTree = "<group>"; };
		B31D16F1756C4DC9C0DE53A5 /* NetworkAnomaly.swift */ = {isa = PBXFileReference; lastKnownFileType = sourcecode.swift; path = NetworkAnomaly.swift; sourceTree = "<group>"; };
		CD79B36D4F563C6D85229EC5 /* Info.plist */ = {isa = PBXFileReference; lastKnownFileType = text.plist; path = Info.plist; sourceTree = "<group>"; };
		CEE164819A97352B20EF3C79 /* StingrayWarningTests.xctest */ = {isa = PBXFileReference; includeInIndex = 0; lastKnownFileType = wrapper; name = StingrayWarningTests.xctest; path = "Stingray WarningTests.xctest"; sourceTree = BUILT_PRODUCTS_DIR; };
		D72CC73CEC9EF0671F0ECD48 /* StingrayWarningApp.swift */ = {isa = PBXFileReference; lastKnownFileType = sourcecode.swift; path = StingrayWarningApp.swift; sourceTree = "<group>"; };
		DD088A9D4AFD3A1D849E5743 /* NetworkEvent.swift */ = {isa = PBXFileReference; lastKnownFileType = sourcecode.swift; path = NetworkEvent.swift; sourceTree = "<group>"; };
		DF2E50758293E3DBCBCA587D /* CellularSecurityMonitorTests.swift */ = {isa = PBXFileReference; lastKnownFileType = sourcecode.swift; path = CellularSecurityMonitorTests.swift; sourceTree = "<group>"; };
		E3651317AF433E6A99A3128A /* SettingsView.swift */ = {isa = PBXFileReference; lastKnownFileType = sourcecode.swift; path = SettingsView.swift; sourceTree = "<group>"; };
		E8A9CDCB81EA2F553A3F76B3 /* ContentView.swift */ = {isa = PBXFileReference; lastKnownFileType = sourcecode.swift; path = ContentView.swift; sourceTree = "<group>"; };
		EA0AF80C7A6D9C26A063234E /* CellularSecurityMonitor.swift */ = {isa = PBXFileReference; lastKnownFileType = sourcecode.swift; path = CellularSecurityMonitor.swift; sourceTree = "<group>"; };
		FBA60EC00BB209434A555397 /* Stingray Warning.app */ = {isa = PBXFileReference; explicitFileType = wrapper.application; includeInIndex = 0; path = "Stingray Warning.app"; sourceTree = BUILT_PRODUCTS_DIR; };
/* End PBXFileReference section */

/* Begin PBXGroup section */
		3E89E1FB530642CCE9CB95EF /* StingrayWarning */ = {
			isa = PBXGroup;
			children = (
				77474D462EB121EE0077B6C0 /* Constants.swift */,
				B6FE16ECF6593E5F72BA18F7 /* App */,
				F0A1FEAA36F8F3E91CB645E2 /* Models */,
				698DA8C6687CC6D508FBF9CA /* Monitoring */,
				AA6111C5002CD53EB929B2CE /* Resources */,
				CAA48C300DCDA0F996C607CE /* UI */,
				77474D4D2EB122540077B6C0 /* Utilities */,
			);
			path = StingrayWarning;
			sourceTree = "<group>";
		};
		698DA8C6687CC6D508FBF9CA /* Monitoring */ = {
			isa = PBXGroup;
			children = (
				3A42C53F47CA932FFB613CAD /* BackgroundTaskManager.swift */,
				EA0AF80C7A6D9C26A063234E /* CellularSecurityMonitor.swift */,
				907DFC29C03779BCD772FE12 /* EventStore.swift */,
				5C20002072EE7AD830937D1B /* NotificationManager.swift */,
			);
			path = Monitoring;
			sourceTree = "<group>";
		};
		77474D4D2EB122540077B6C0 /* Utilities */ = {
			isa = PBXGroup;
			children = (
				77474D4C2EB122540077B6C0 /* UserDefaultsManager.swift */,
			);
			path = Utilities;
			sourceTree = "<group>";
		};
		A90E7234C4F6635E9FE0CE6A = {
			isa = PBXGroup;
			children = (
				3E89E1FB530642CCE9CB95EF /* StingrayWarning */,
				AE7D80AA47D010DEC517A3DE /* StingrayWarningTests */,
				B2B68A3DD783626C60EB6A5D /* Products */,
			);
			sourceTree = "<group>";
		};
		AA6111C5002CD53EB929B2CE /* Resources */ = {
			isa = PBXGroup;
			children = (
				77474D442EB116480077B6C0 /* AppIcon.xcassets */,
				CD79B36D4F563C6D85229EC5 /* Info.plist */,
				22C6ED74E463AF33FFC777E4 /* LaunchScreen.storyboard */,
			);
			path = Resources;
			sourceTree = "<group>";
		};
		AE7D80AA47D010DEC517A3DE /* StingrayWarningTests */ = {
			isa = PBXGroup;
			children = (
				DF2E50758293E3DBCBCA587D /* CellularSecurityMonitorTests.swift */,
			);
			path = StingrayWarningTests;
			sourceTree = "<group>";
		};
		B2B68A3DD783626C60EB6A5D /* Products */ = {
			isa = PBXGroup;
			children = (
				FBA60EC00BB209434A555397 /* Stingray Warning.app */,
				CEE164819A97352B20EF3C79 /* StingrayWarningTests.xctest */,
			);
			name = Products;
			sourceTree = "<group>";
		};
		B6FE16ECF6593E5F72BA18F7 /* App */ = {
			isa = PBXGroup;
			children = (
				D72CC73CEC9EF0671F0ECD48 /* StingrayWarningApp.swift */,
			);
			path = App;
			sourceTree = "<group>";
		};
		CAA48C300DCDA0F996C607CE /* UI */ = {
			isa = PBXGroup;
			children = (
				77474D482EB1221B0077B6C0 /* SharedUIComponents.swift */,
				E8A9CDCB81EA2F553A3F76B3 /* ContentView.swift */,
				2B44C7C94AAF207AD15637CD /* EducationView.swift */,
				2AE4E08D40677032D627DE6B /* EventHistoryView.swift */,
				E3651317AF433E6A99A3128A /* SettingsView.swift */,
			);
			path = UI;
			sourceTree = "<group>";
		};
		F0A1FEAA36F8F3E91CB645E2 /* Models */ = {
			isa = PBXGroup;
			children = (
				B31D16F1756C4DC9C0DE53A5 /* NetworkAnomaly.swift */,
				DD088A9D4AFD3A1D849E5743 /* NetworkEvent.swift */,
				821B9B6F1E8047E663AB18D8 /* NetworkThreatLevel.swift */,
			);
			path = Models;
			sourceTree = "<group>";
		};
/* End PBXGroup section */

/* Begin PBXNativeTarget section */
		60A3A4A143F9D28719B78DA4 /* StingrayWarningTests */ = {
			isa = PBXNativeTarget;
			buildConfigurationList = B0CA0914772BE77B6057A12F /* Build configuration list for PBXNativeTarget "StingrayWarningTests" */;
			buildPhases = (
				1CC8B7F38A77CF76DB525C70 /* Sources */,
			);
			buildRules = (
			);
			dependencies = (
				E2ACC17EF3A8E63E0D146AB1 /* PBXTargetDependency */,
			);
			name = StingrayWarningTests;
			packageProductDependencies = (
			);
			productName = StingrayWarningTests;
			productReference = CEE164819A97352B20EF3C79 /* StingrayWarningTests.xctest */;
			productType = "com.apple.product-type.bundle.unit-test";
		};
		7BB59D2C1EB60399A2EECA90 /* StingrayWarning */ = {
			isa = PBXNativeTarget;
			buildConfigurationList = 22A18CEC8B9A8192A2157086 /* Build configuration list for PBXNativeTarget "StingrayWarning" */;
			buildPhases = (
				29DEA7E81D4676FF374807D2 /* Sources */,
				FF7A0548D5A01FF49D3B31EB /* Resources */,
			);
			buildRules = (
			);
			dependencies = (
			);
			name = StingrayWarning;
			packageProductDependencies = (
			);
			productName = StingrayWarning;
			productReference = FBA60EC00BB209434A555397 /* Stingray Warning.app */;
			productType = "com.apple.product-type.application";
		};
/* End PBXNativeTarget section */

/* Begin PBXProject section */
		8E6E02EBF28640902F39123D /* Project object */ = {
			isa = PBXProject;
			attributes = {
				BuildIndependentTargetsInParallel = YES;
				LastUpgradeCheck = 1500;
				TargetAttributes = {
					60A3A4A143F9D28719B78DA4 = {
						DevelopmentTeam = KA5A6NN3PD;
						ProvisioningStyle = Automatic;
					};
					7BB59D2C1EB60399A2EECA90 = {
						DevelopmentTeam = KA5A6NN3PD;
						ProvisioningStyle = Automatic;
					};
				};
			};
			buildConfigurationList = A5C74FB7A84CCD765A5F4BC3 /* Build configuration list for PBXProject "StingrayWarning" */;
			compatibilityVersion = "Xcode 14.0";
			developmentRegion = en;
			hasScannedForEncodings = 0;
			knownRegions = (
				Base,
				en,
			);
			mainGroup = A90E7234C4F6635E9FE0CE6A;
			minimizedProjectReferenceProxies = 1;
			projectDirPath = "";
			projectRoot = "";
			targets = (
				7BB59D2C1EB60399A2EECA90 /* StingrayWarning */,
				60A3A4A143F9D28719B78DA4 /* StingrayWarningTests */,
			);
		};
/* End PBXProject section */

/* Begin PBXResourcesBuildPhase section */
		FF7A0548D5A01FF49D3B31EB /* Resources */ = {
			isa = PBXResourcesBuildPhase;
			buildActionMask = 2147483647;
			files = (
				77474D452EB116480077B6C0 /* AppIcon.xcassets in Resources */,
				55BD03034B2BD8F898B5C163 /* LaunchScreen.storyboard in Resources */,
			);
			runOnlyForDeploymentPostprocessing = 0;
		};
/* End PBXResourcesBuildPhase section */

/* Begin PBXSourcesBuildPhase section */
		1CC8B7F38A77CF76DB525C70 /* Sources */ = {
			isa = PBXSourcesBuildPhase;
			buildActionMask = 2147483647;
			files = (
				F9F8873DBCE3EBF6C8C71665 /* CellularSecurityMonitorTests.swift in Sources */,
			);
			runOnlyForDeploymentPostprocessing = 0;
		};
		29DEA7E81D4676FF374807D2 /* Sources */ = {
			isa = PBXSourcesBuildPhase;
			buildActionMask = 2147483647;
			files = (
				80334BF9458D9AEA0B419E1C /* BackgroundTaskManager.swift in Sources */,
				498BE4D64D0668149353A892 /* CellularSecurityMonitor.swift in Sources */,
				485985FCC5B30AA80397B5A4 /* ContentView.swift in Sources */,
				36E2A43DA79D0982F6EDFA30 /* EducationView.swift in Sources */,
				77474D492EB1221B0077B6C0 /* SharedUIComponents.swift in Sources */,
				FE3E9538FFDD04C007E267CB /* EventHistoryView.swift in Sources */,
				445703BAC739B98360210C21 /* EventStore.swift in Sources */,
				4AF17BCB67751BF7CFE844D0 /* NetworkAnomaly.swift in Sources */,
				77474D472EB121EE0077B6C0 /* Constants.swift in Sources */,
				ACDA759DCBF9E2EF1A3F9393 /* NetworkEvent.swift in Sources */,
				3AEB430C9D031972EC94F392 /* NetworkThreatLevel.swift in Sources */,
				77474D4E2EB122540077B6C0 /* UserDefaultsManager.swift in Sources */,
				05E1D5BB097802013D03402A /* NotificationManager.swift in Sources */,
				EBD6DD41655DE568B8B8BF5F /* SettingsView.swift in Sources */,
				9F43F16A0FFAE3A89B1F2C6A /* StingrayWarningApp.swift in Sources */,
			);
			runOnlyForDeploymentPostprocessing = 0;
		};
/* End PBXSourcesBuildPhase section */

/* Begin PBXTargetDependency section */
		E2ACC17EF3A8E63E0D146AB1 /* PBXTargetDependency */ = {
			isa = PBXTargetDependency;
			target = 7BB59D2C1EB60399A2EECA90 /* StingrayWarning */;
			targetProxy = C166809BFA839275592A90E7 /* PBXContainerItemProxy */;
		};
/* End PBXTargetDependency section */

/* Begin XCBuildConfiguration section */
		13A7E9014DC3C61F905CDFD9 /* Debug */ = {
			isa = XCBuildConfiguration;
			buildSettings = {
				ALWAYS_SEARCH_USER_PATHS = NO;
				CLANG_ANALYZER_NONNULL = YES;
				CLANG_ANALYZER_NUMBER_OBJECT_CONVERSION = YES_AGGRESSIVE;
				CLANG_CXX_LANGUAGE_STANDARD = "gnu++14";
				CLANG_CXX_LIBRARY = "libc++";
				CLANG_ENABLE_MODULES = YES;
				CLANG_ENABLE_OBJC_ARC = YES;
				CLANG_ENABLE_OBJC_WEAK = YES;
				CLANG_WARN_BLOCK_CAPTURE_AUTORELEASING = YES;
				CLANG_WARN_BOOL_CONVERSION = YES;
				CLANG_WARN_COMMA = YES;
				CLANG_WARN_CONSTANT_CONVERSION = YES;
				CLANG_WARN_DEPRECATED_OBJC_IMPLEMENTATIONS = YES;
				CLANG_WARN_DIRECT_OBJC_ISA_USAGE = YES_ERROR;
				CLANG_WARN_DOCUMENTATION_COMMENTS = YES;
				CLANG_WARN_EMPTY_BODY = YES;
				CLANG_WARN_ENUM_CONVERSION = YES;
				CLANG_WARN_INFINITE_RECURSION = YES;
				CLANG_WARN_INT_CONVERSION = YES;
				CLANG_WARN_NON_LITERAL_NULL_CONVERSION = YES;
				CLANG_WARN_OBJC_IMPLICIT_RETAIN_SELF = YES;
				CLANG_WARN_OBJC_LITERAL_CONVERSION = YES;
				CLANG_WARN_OBJC_ROOT_CLASS = YES_ERROR;
				CLANG_WARN_QUOTED_INCLUDE_IN_FRAMEWORK_HEADER = YES;
				CLANG_WARN_RANGE_LOOP_ANALYSIS = YES;
				CLANG_WARN_STRICT_PROTOTYPES = YES;
				CLANG_WARN_SUSPICIOUS_MOVE = YES;
				CLANG_WARN_UNGUARDED_AVAILABILITY = YES_AGGRESSIVE;
				CLANG_WARN_UNREACHABLE_CODE = YES;
				CLANG_WARN__DUPLICATE_METHOD_MATCH = YES;
				COPY_PHASE_STRIP = NO;
				DEBUG_INFORMATION_FORMAT = dwarf;
				ENABLE_STRICT_OBJC_MSGSEND = YES;
				ENABLE_TESTABILITY = YES;
				GCC_C_LANGUAGE_STANDARD = gnu11;
				GCC_DYNAMIC_NO_PIC = NO;
				GCC_NO_COMMON_BLOCKS = YES;
				GCC_OPTIMIZATION_LEVEL = 0;
				GCC_PREPROCESSOR_DEFINITIONS = (
					"$(inherited)",
					"DEBUG=1",
				);
				GCC_WARN_64_TO_32_BIT_CONVERSION = YES;
				GCC_WARN_ABOUT_RETURN_TYPE = YES_ERROR;
				GCC_WARN_UNDECLARED_SELECTOR = YES;
				GCC_WARN_UNINITIALIZED_AUTOS = YES_AGGRESSIVE;
				GCC_WARN_UNUSED_FUNCTION = YES;
				GCC_WARN_UNUSED_VARIABLE = YES;
				IPHONEOS_DEPLOYMENT_TARGET = 16.0;
				MTL_ENABLE_DEBUG_INFO = INCLUDE_SOURCE;
				MTL_FAST_MATH = YES;
				ONLY_ACTIVE_ARCH = YES;
				PRODUCT_NAME = "$(TARGET_NAME)";
				SDKROOT = iphoneos;
				SWIFT_ACTIVE_COMPILATION_CONDITIONS = DEBUG;
				SWIFT_OPTIMIZATION_LEVEL = "-Onone";
				SWIFT_VERSION = 5.0;
			};
			name = Debug;
		};
		27B03BF65D56DECBC3998DE9 /* Release */ = {
			isa = XCBuildConfiguration;
			buildSettings = {
				ALWAYS_SEARCH_USER_PATHS = NO;
				CLANG_ANALYZER_NONNULL = YES;
				CLANG_ANALYZER_NUMBER_OBJECT_CONVERSION = YES_AGGRESSIVE;
				CLANG_CXX_LANGUAGE_STANDARD = "gnu++14";
				CLANG_CXX_LIBRARY = "libc++";
				CLANG_ENABLE_MODULES = YES;
				CLANG_ENABLE_OBJC_ARC = YES;
				CLANG_ENABLE_OBJC_WEAK = YES;
				CLANG_WARN_BLOCK_CAPTURE_AUTORELEASING = YES;
				CLANG_WARN_BOOL_CONVERSION = YES;
				CLANG_WARN_COMMA = YES;
				CLANG_WARN_CONSTANT_CONVERSION = YES;
				CLANG_WARN_DEPRECATED_OBJC_IMPLEMENTATIONS = YES;
				CLANG_WARN_DIRECT_OBJC_ISA_USAGE = YES_ERROR;
				CLANG_WARN_DOCUMENTATION_COMMENTS = YES;
				CLANG_WARN_EMPTY_BODY = YES;
				CLANG_WARN_ENUM_CONVERSION = YES;
				CLANG_WARN_INFINITE_RECURSION = YES;
				CLANG_WARN_INT_CONVERSION = YES;
				CLANG_WARN_NON_LITERAL_NULL_CONVERSION = YES;
				CLANG_WARN_OBJC_IMPLICIT_RETAIN_SELF = YES;
				CLANG_WARN_OBJC_LITERAL_CONVERSION = YES;
				CLANG_WARN_OBJC_ROOT_CLASS = YES_ERROR;
				CLANG_WARN_QUOTED_INCLUDE_IN_FRAMEWORK_HEADER = YES;
				CLANG_WARN_RANGE_LOOP_ANALYSIS = YES;
				CLANG_WARN_STRICT_PROTOTYPES = YES;
				CLANG_WARN_SUSPICIOUS_MOVE = YES;
				CLANG_WARN_UNGUARDED_AVAILABILITY = YES_AGGRESSIVE;
				CLANG_WARN_UNREACHABLE_CODE = YES;
				CLANG_WARN__DUPLICATE_METHOD_MATCH = YES;
				COPY_PHASE_STRIP = NO;
				DEBUG_INFORMATION_FORMAT = "dwarf-with-dsym";
				ENABLE_NS_ASSERTIONS = NO;
				ENABLE_STRICT_OBJC_MSGSEND = YES;
				GCC_C_LANGUAGE_STANDARD = gnu11;
				GCC_NO_COMMON_BLOCKS = YES;
				GCC_WARN_64_TO_32_BIT_CONVERSION = YES;
				GCC_WARN_ABOUT_RETURN_TYPE = YES_ERROR;
				GCC_WARN_UNDECLARED_SELECTOR = YES;
				GCC_WARN_UNINITIALIZED_AUTOS = YES_AGGRESSIVE;
				GCC_WARN_UNUSED_FUNCTION = YES;
				GCC_WARN_UNUSED_VARIABLE = YES;
				IPHONEOS_DEPLOYMENT_TARGET = 16.0;
				MTL_ENABLE_DEBUG_INFO = NO;
				MTL_FAST_MATH = YES;
				PRODUCT_NAME = "$(TARGET_NAME)";
				SDKROOT = iphoneos;
				SWIFT_COMPILATION_MODE = wholemodule;
				SWIFT_OPTIMIZATION_LEVEL = "-O";
				SWIFT_VERSION = 5.0;
			};
			name = Release;
		};
		52DAC047DB619A95E2B0591B /* Release */ = {
			isa = XCBuildConfiguration;
			buildSettings = {
				ASSETCATALOG_COMPILER_APPICON_NAME = AppIcon;
				ASSETCATALOG_COMPILER_INCLUDE_ALL_APPICON_ASSETS = YES;
				CODE_SIGN_IDENTITY = "iPhone Developer";
				CODE_SIGN_STYLE = Automatic;
				DEVELOPMENT_TEAM = KA5A6NN3PD;
				DISPLAY_NAME = "Stingray Warning";
				INFOPLIST_FILE = StingrayWarning/Resources/Info.plist;
				IPHONEOS_DEPLOYMENT_TARGET = 16.0;
				LD_RUNPATH_SEARCH_PATHS = (
					"$(inherited)",
					"@executable_path/Frameworks",
				);
				LSApplicationCategoryType = "public.app-category.utilities";
				PRODUCT_BUNDLE_IDENTIFIER = us.defroster.stingraywarning;
				PRODUCT_NAME = "Stingray Warning";
				SDKROOT = iphoneos;
				SWIFT_VERSION = 5.0;
				TARGETED_DEVICE_FAMILY = "1,2";
			};
			name = Release;
		};
		9B8C2291F7CDDC38E24AB0C9 /* Debug */ = {
			isa = XCBuildConfiguration;
			buildSettings = {
				ASSETCATALOG_COMPILER_APPICON_NAME = AppIcon;
				ASSETCATALOG_COMPILER_INCLUDE_ALL_APPICON_ASSETS = YES;
				CODE_SIGN_IDENTITY = "iPhone Developer";
				CODE_SIGN_STYLE = Automatic;
				DEVELOPMENT_TEAM = KA5A6NN3PD;
				DISPLAY_NAME = "Stingray Warning";
				INFOPLIST_FILE = StingrayWarning/Resources/Info.plist;
				IPHONEOS_DEPLOYMENT_TARGET = 16.0;
				LD_RUNPATH_SEARCH_PATHS = (
					"$(inherited)",
					"@executable_path/Frameworks",
				);
				LSApplicationCategoryType = "public.app-category.utilities";
				PRODUCT_BUNDLE_IDENTIFIER = us.defroster.stingraywarning;
				PRODUCT_NAME = "Stingray Warning";
				SDKROOT = iphoneos;
				SWIFT_VERSION = 5.0;
				TARGETED_DEVICE_FAMILY = "1,2";
			};
			name = Debug;
		};
		A67A8AB797776D4222CEEC9A /* Release */ = {
			isa = XCBuildConfiguration;
			buildSettings = {
				BUNDLE_LOADER = "$(TEST_HOST)";
				CODE_SIGN_STYLE = Automatic;
				DEVELOPMENT_TEAM = KA5A6NN3PD;
				GENERATE_INFOPLIST_FILE = YES;
				IPHONEOS_DEPLOYMENT_TARGET = 16.0;
				LD_RUNPATH_SEARCH_PATHS = (
					"$(inherited)",
					"@executable_path/Frameworks",
					"@loader_path/Frameworks",
				);
				PRODUCT_BUNDLE_IDENTIFIER = us.defroster.stingraywarningTests;
				PRODUCT_NAME = "Stingray WarningTests";
				SDKROOT = iphoneos;
				SWIFT_VERSION = 5.0;
				TARGETED_DEVICE_FAMILY = "1,2";
				TEST_HOST = "$(BUILT_PRODUCTS_DIR)/Stingray Warning.app/Stingray Warning";
			};
			name = Release;
		};
		B8499FE6F64ADCF66D728A13 /* Debug */ = {
			isa = XCBuildConfiguration;
			buildSettings = {
				BUNDLE_LOADER = "$(TEST_HOST)";
				CODE_SIGN_STYLE = Automatic;
				DEVELOPMENT_TEAM = KA5A6NN3PD;
				GENERATE_INFOPLIST_FILE = YES;
				IPHONEOS_DEPLOYMENT_TARGET = 16.0;
				LD_RUNPATH_SEARCH_PATHS = (
					"$(inherited)",
					"@executable_path/Frameworks",
					"@loader_path/Frameworks",
				);
				PRODUCT_BUNDLE_IDENTIFIER = us.defroster.stingraywarningTests;
				PRODUCT_NAME = "Stingray WarningTests";
				SDKROOT = iphoneos;
				SWIFT_VERSION = 5.0;
				TARGETED_DEVICE_FAMILY = "1,2";
				TEST_HOST = "$(BUILT_PRODUCTS_DIR)/Stingray Warning.app/Stingray Warning";
			};
			name = Debug;
		};
/* End XCBuildConfiguration section */

/* Begin XCConfigurationList section */
		22A18CEC8B9A8192A2157086 /* Build configuration list for PBXNativeTarget "StingrayWarning" */ = {
			isa = XCConfigurationList;
			buildConfigurations = (
				9B8C2291F7CDDC38E24AB0C9 /* Debug */,
				52DAC047DB619A95E2B0591B /* Release */,
			);
			defaultConfigurationIsVisible = 0;
			defaultConfigurationName = Debug;
		};
		A5C74FB7A84CCD765A5F4BC3 /* Build configuration list for PBXProject "StingrayWarning" */ = {
			isa = XCConfigurationList;
			buildConfigurations = (
				13A7E9014DC3C61F905CDFD9 /* Debug */,
				27B03BF65D56DECBC3998DE9 /* Release */,
			);
			defaultConfigurationIsVisible = 0;
			defaultConfigurationName = Debug;
		};
		B0CA0914772BE77B6057A12F /* Build configuration list for PBXNativeTarget "StingrayWarningTests" */ = {
			isa = XCConfigurationList;
			buildConfigurations = (
				B8499FE6F64ADCF66D728A13 /* Debug */,
				A67A8AB797776D4222CEEC9A /* Release */,
			);
			defaultConfigurationIsVisible = 0;
			defaultConfigurationName = Debug;
		};
/* End XCConfigurationList section */
	};
	rootObject = 8E6E02EBF28640902F39123D /* Project object */;
}
